
Microsoft Visual Studio Solution File, Format Version 12.00
# Visual Studio Version 16
VisualStudioVersion = 16.0.30804.86
MinimumVisualStudioVersion = 10.0.40219.1
Project("{FAE04EC0-301F-11D3-BF4B-00C04F79EFBC}") = "ThreadPoolProgrammingOvelse3", "ThreadPoolProgrammingOvelse3\ThreadPoolProgrammingOvelse3.csproj", "{1BE1685A-C9E0-411A-BD9F-187227D88168}"
EndProject
Global
	GlobalSection(SolutionConfigurationPlatforms) = preSolution
		Debug|Any CPU = Debug|Any CPU
		Release|Any CPU = Release|Any CPU
	EndGlobalSection
	GlobalSection(ProjectConfigurationPlatforms) = postSolution
		{1BE1685A-C9E0-411A-BD9F-187227D88168}.Debug|Any CPU.ActiveCfg = Debug|Any CPU
		{1BE1685A-C9E0-411A-BD9F-187227D88168}.Debug|Any CPU.Build.0 = Debug|Any CPU
		{1BE1685A-C9E0-411A-BD9F-187227D88168}.Release|Any CPU.ActiveCfg = Release|Any CPU
		{1BE1685A-C9E0-411A-BD9F-187227D88168}.Release|Any CPU.Build.0 = Release|Any CPU
	EndGlobalSection
	GlobalSection(SolutionProperties) = preSolution
		HideSolutionNode = FALSE
	EndGlobalSection
	GlobalSection(ExtensibilityGlobals) = postSolution
		SolutionGuid = {7909C08B-CBFD-49E1-BE90-3C533D808701}
	EndGlobalSection
EndGlobal
